{
    "_readme": [
        "This file locks the dependencies of your project to a known state",
        "Read more about it at http://getcomposer.org/doc/01-basic-usage.md#composer-lock-the-lock-file"
    ],
    "hash": "f2aa92822e39175723ba1ef5989842e2",
    "packages": [
        {
            "name": "christeredvartsen/sysinfo",
            "version": "dev-master",
            "source": {
                "type": "git",
                "url": "https://github.com/christeredvartsen/sysinfo.git",
                "reference": "a952cbe1ef746c2234c269da2ee9850c52ce2727"
            },
            "dist": {
                "type": "zip",
                "url": "https://api.github.com/repos/christeredvartsen/sysinfo/zipball/a952cbe1ef746c2234c269da2ee9850c52ce2727",
                "reference": "a952cbe1ef746c2234c269da2ee9850c52ce2727",
                "shasum": ""
            },
            "require": {
                "php": ">=5.3.2"
            },
            "type": "library",
            "autoload": {
                "psr-0": {
                    "SysInfo": "src/"
                }
            },
            "notification-url": "https://packagist.org/downloads/",
            "license": [
                "MIT"
            ],
            "authors": [
                {
                    "name": "Christer Edvartsen",
                    "email": "cogo@starzinger.net",
                    "homepage": "https://github.com/christeredvartsen",
                    "role": "Project lead"
                }
            ],
            "description": "SysInfo is a PHP library that can be used to fetch information about the system (CPU usage, Load avg., Memory usage +++)",
            "homepage": "https://github.com/christeredvartsen/sysinfo",
            "keywords": [
                "sysinfo"
            ],
            "time": "2012-07-17 09:40:41"
        },
        {
            "name": "phalcon/devtools",
            "version": "dev-master",
            "source": {
                "type": "git",
                "url": "https://github.com/phalcon/phalcon-devtools.git",
                "reference": "df51e81bd887d3fc40c789758303efb3c427e65f"
            },
            "dist": {
                "type": "zip",
                "url": "https://api.github.com/repos/phalcon/phalcon-devtools/zipball/df51e81bd887d3fc40c789758303efb3c427e65f",
                "reference": "df51e81bd887d3fc40c789758303efb3c427e65f",
                "shasum": ""
            },
            "require": {
                "php": ">=5.3.6"
            },
            "type": "library",
            "autoload": {
                "psr-0": {
                    "Phalcon": "scripts/"
                }
            },
            "notification-url": "https://packagist.org/downloads/",
            "license": [
                "BSD-3"
            ],
            "authors": [
                {
                    "name": "Phalcon Team",
                    "email": "team@phalconphp.com"
                }
            ],
            "description": "This tools provide you useful scripts to generate code helping to develop faster and easy applications that use with Phalcon framework.",
            "homepage": "http://phalconphp.com",
            "keywords": [
                "framework",
                "phalcon"
            ],
            "time": "2013-10-16 14:39:11"
        },
        {
            "name": "predis/predis",
            "version": "0.8.x-dev",
            "source": {
                "type": "git",
                "url": "https://github.com/nrk/predis.git",
                "reference": "4824af15631f6a80a939cdc58104d03e0aadd17a"
            },
            "dist": {
                "type": "zip",
                "url": "https://api.github.com/repos/nrk/predis/zipball/4824af15631f6a80a939cdc58104d03e0aadd17a",
                "reference": "4824af15631f6a80a939cdc58104d03e0aadd17a",
                "shasum": ""
            },
            "require": {
                "php": ">=5.3.2"
            },
            "suggest": {
                "ext-curl": "Allows access to Webdis when paired with phpiredis",
                "ext-phpiredis": "Allows faster serialization and deserialization of the Redis protocol"
            },
            "type": "library",
            "autoload": {
                "psr-0": {
                    "Predis": "lib/"
                }
            },
            "notification-url": "https://packagist.org/downloads/",
            "license": [
                "MIT"
            ],
            "authors": [
                {
                    "name": "Daniele Alessandri",
                    "email": "suppakilla@gmail.com",
                    "homepage": "http://clorophilla.net"
                }
            ],
            "description": "Flexible and feature-complete PHP client library for Redis",
            "homepage": "http://github.com/nrk/predis",
            "keywords": [
                "nosql",
                "predis",
                "redis"
            ],
            "time": "2013-08-31 08:51:10"
        }
    ],
    "packages-dev": [

    ],
    "aliases": [

    ],
    "minimum-stability": "stable",
    "stability-flags": {
        "phalcon/devtools": 20,
        "predis/predis": 20
    },
    "platform": [

    ],
    "platform-dev": [

    ]
}
